
Microsoft Visual Studio Solution File, Format Version 12.00
# Visual Studio Version 16
VisualStudioVersion = 16.0.30611.23
MinimumVisualStudioVersion = 10.0.40219.1
Project("{FAE04EC0-301F-11D3-BF4B-00C04F79EFBC}") = "ProjetWPF", "ProjetWPF\ProjetWPF.csproj", "{FB7FF697-126F-4FBD-A0BA-090A0FF32E8F}"
EndProject
Project("{FAE04EC0-301F-11D3-BF4B-00C04F79EFBC}") = "SupermarcheMetier", "SupermarcheMetier\SupermarcheMetier.csproj", "{3A6F93E2-46D2-4194-B144-B0EACE774820}"
EndProject
Global
	GlobalSection(SolutionConfigurationPlatforms) = preSolution
		Debug|Any CPU = Debug|Any CPU
		Release|Any CPU = Release|Any CPU
	EndGlobalSection
	GlobalSection(ProjectConfigurationPlatforms) = postSolution
		{FB7FF697-126F-4FBD-A0BA-090A0FF32E8F}.Debug|Any CPU.ActiveCfg = Debug|Any CPU
		{FB7FF697-126F-4FBD-A0BA-090A0FF32E8F}.Debug|Any CPU.Build.0 = Debug|Any CPU
		{FB7FF697-126F-4FBD-A0BA-090A0FF32E8F}.Release|Any CPU.ActiveCfg = Release|Any CPU
		{FB7FF697-126F-4FBD-A0BA-090A0FF32E8F}.Release|Any CPU.Build.0 = Release|Any CPU
		{3A6F93E2-46D2-4194-B144-B0EACE774820}.Debug|Any CPU.ActiveCfg = Debug|Any CPU
		{3A6F93E2-46D2-4194-B144-B0EACE774820}.Debug|Any CPU.Build.0 = Debug|Any CPU
		{3A6F93E2-46D2-4194-B144-B0EACE774820}.Release|Any CPU.ActiveCfg = Release|Any CPU
		{3A6F93E2-46D2-4194-B144-B0EACE774820}.Release|Any CPU.Build.0 = Release|Any CPU
	EndGlobalSection
	GlobalSection(SolutionProperties) = preSolution
		HideSolutionNode = FALSE
	EndGlobalSection
	GlobalSection(ExtensibilityGlobals) = postSolution
		SolutionGuid = {EF25DE2C-7A14-441F-940C-355B6FF761C7}
	EndGlobalSection
EndGlobal
